<?xml version="1.0" encoding="utf-8"?>
<Project ToolsVersion="4.0" xmlns="http://schemas.microsoft.com/developer/msbuild/2003">
  <ItemGroup>
    <Filter Include="Component">
      <UniqueIdentifier>{ffd36542-e34d-410c-bc58-4b894826cd56}</UniqueIdentifier>
    </Filter>
    <Filter Include="Core">
      <UniqueIdentifier>{a8037b96-114b-4585-8990-e4bbc9e05270}</UniqueIdentifier>
    </Filter>
    <Filter Include="Core\GPU">
      <UniqueIdentifier>{6cb218a8-606b-4ccf-b600-b138b737312f}</UniqueIdentifier>
    </Filter>
    <Filter Include="Core\Managers">
      <UniqueIdentifier>{3bad645f-a623-462b-b9e2-86fa67436f7b}</UniqueIdentifier>
    </Filter>
    <Filter Include="Core\Window">
      <UniqueIdentifier>{9a7d30b3-b916-49c0-be07-3280eeb16f4a}</UniqueIdentifier>
    </Filter>
    <Filter Include="include">
      <UniqueIdentifier>{97a44fe7-18f2-45af-bc70-66ba288f7dd6}</UniqueIdentifier>
    </Filter>
    <Filter Include="Physics">
      <UniqueIdentifier>{97eca0c2-a835-4d7b-86e3-45ac0ba6575a}</UniqueIdentifier>
    </Filter>
    <Filter Include="Physics\scenes">
      <UniqueIdentifier>{b3c70305-fe34-4dfe-aa73-83359e200ba1}</UniqueIdentifier>
    </Filter>
    <Filter Include="Physics\shaders">
      <UniqueIdentifier>{bcbe7cce-3443-427f-80ff-984954c48e92}</UniqueIdentifier>
    </Filter>
    <Filter Include="Physics\scenes\demos">
      <UniqueIdentifier>{2eff39b7-8fbf-4838-877a-c8881e246a89}</UniqueIdentifier>
    </Filter>
    <Filter Include="Physics\body">
      <UniqueIdentifier>{be1d4141-841d-4eb9-aca6-6f281b781f03}</UniqueIdentifier>
    </Filter>
    <Filter Include="Physics\collision">
      <UniqueIdentifier>{d5cb4df3-36ba-4e6d-baf1-6e0a2099f7ae}</UniqueIdentifier>
    </Filter>
    <Filter Include="Physics\collision\detection">
      <UniqueIdentifier>{400272a7-b1b5-4bc5-bf16-763d82cf183e}</UniqueIdentifier>
    </Filter>
    <Filter Include="Physics\collision\resolution">
      <UniqueIdentifier>{fa09634a-49d0-4a48-82d1-187d4e48ff2d}</UniqueIdentifier>
    </Filter>
  </ItemGroup>
  <ItemGroup>
    <ClCompile Include="..\Source\Component\CameraInput.cpp">
      <Filter>Component</Filter>
    </ClCompile>
    <ClCompile Include="..\Source\Component\SceneInput.cpp">
      <Filter>Component</Filter>
    </ClCompile>
    <ClCompile Include="..\Source\Component\SimpleScene.cpp">
      <Filter>Component</Filter>
    </ClCompile>
    <ClCompile Include="..\Source\Core\GPU\GPUBuffers.cpp">
      <Filter>Core\GPU</Filter>
    </ClCompile>
    <ClCompile Include="..\Source\Core\GPU\Mesh.cpp">
      <Filter>Core\GPU</Filter>
    </ClCompile>
    <ClCompile Include="..\Source\Core\GPU\Shader.cpp">
      <Filter>Core\GPU</Filter>
    </ClCompile>
    <ClCompile Include="..\Source\Core\GPU\Texture2D.cpp">
      <Filter>Core\GPU</Filter>
    </ClCompile>
    <ClCompile Include="..\Source\Core\Managers\TextureManager.cpp">
      <Filter>Core\Managers</Filter>
    </ClCompile>
    <ClCompile Include="..\Source\Core\Window\InputController.cpp">
      <Filter>Core\Window</Filter>
    </ClCompile>
    <ClCompile Include="..\Source\Core\Window\WindowCallbacks.cpp">
      <Filter>Core\Window</Filter>
    </ClCompile>
    <ClCompile Include="..\Source\Core\Window\WindowObject.cpp">
      <Filter>Core\Window</Filter>
    </ClCompile>
    <ClCompile Include="..\Source\Core\Engine.cpp">
      <Filter>Core</Filter>
    </ClCompile>
    <ClCompile Include="..\Source\Core\World.cpp">
      <Filter>Core</Filter>
    </ClCompile>
    <ClCompile Include="..\Source\include\gl.cpp">
      <Filter>include</Filter>
    </ClCompile>
    <ClCompile Include="..\Source\Main.cpp" />
    <ClCompile Include="..\Source\Physics\body\rigidbody.cpp">
      <Filter>Physics\body</Filter>
    </ClCompile>
    <ClCompile Include="..\Source\Physics\body\shapes.cpp">
      <Filter>Physics\body</Filter>
    </ClCompile>
    <ClCompile Include="..\Source\Physics\collision\detection\broadphase.cpp">
      <Filter>Physics\collision\detection</Filter>
    </ClCompile>
    <ClCompile Include="..\Source\Physics\collision\detection\contactgeneration.cpp">
      <Filter>Physics\collision\detection</Filter>
    </ClCompile>
    <ClCompile Include="..\Source\Physics\collision\resolution\contactresolution.cpp">
      <Filter>Physics\collision\resolution</Filter>
    </ClCompile>
    <ClCompile Include="..\Source\Physics\collision\contact.cpp">
      <Filter>Physics\collision</Filter>
    </ClCompile>
    <ClCompile Include="..\Source\Physics\scenes\demos\TestCollisionDetection.cpp">
      <Filter>Physics\scenes\demos</Filter>
    </ClCompile>
    <ClCompile Include="..\Source\Physics\scenes\demos\TestCollisionResolution.cpp">
      <Filter>Physics\scenes\demos</Filter>
    </ClCompile>
    <ClCompile Include="..\Source\Physics\scenes\object.cpp">
      <Filter>Physics\scenes</Filter>
    </ClCompile>
  </ItemGroup>
  <ItemGroup>
    <ClInclude Include="..\Source\Component\CameraInput.h">
      <Filter>Component</Filter>
    </ClInclude>
    <ClInclude Include="..\Source\Component\SceneInput.h">
      <Filter>Component</Filter>
    </ClInclude>
    <ClInclude Include="..\Source\Component\SimpleScene.h">
      <Filter>Component</Filter>
    </ClInclude>
    <ClInclude Include="..\Source\Core\GPU\GPUBuffers.h">
      <Filter>Core\GPU</Filter>
    </ClInclude>
    <ClInclude Include="..\Source\Core\GPU\Mesh.h">
      <Filter>Core\GPU</Filter>
    </ClInclude>
    <ClInclude Include="..\Source\Core\GPU\Shader.h">
      <Filter>Core\GPU</Filter>
    </ClInclude>
    <ClInclude Include="..\Source\Core\GPU\Texture2D.h">
      <Filter>Core\GPU</Filter>
    </ClInclude>
    <ClInclude Include="..\Source\Core\Managers\ResourcePath.h">
      <Filter>Core\Managers</Filter>
    </ClInclude>
    <ClInclude Include="..\Source\Core\Managers\TextureManager.h">
      <Filter>Core\Managers</Filter>
    </ClInclude>
    <ClInclude Include="..\Source\Core\Window\InputController.h">
      <Filter>Core\Window</Filter>
    </ClInclude>
    <ClInclude Include="..\Source\Core\Window\WindowCallbacks.h">
      <Filter>Core\Window</Filter>
    </ClInclude>
    <ClInclude Include="..\Source\Core\Window\WindowObject.h">
      <Filter>Core\Window</Filter>
    </ClInclude>
    <ClInclude Include="..\Source\Core\Engine.h">
      <Filter>Core</Filter>
    </ClInclude>
    <ClInclude Include="..\Source\Core\World.h">
      <Filter>Core</Filter>
    </ClInclude>
    <ClInclude Include="..\Source\include\gl.h">
      <Filter>include</Filter>
    </ClInclude>
    <ClInclude Include="..\Source\include\glm.h">
      <Filter>include</Filter>
    </ClInclude>
    <ClInclude Include="..\Source\include\math.h">
      <Filter>include</Filter>
    </ClInclude>
    <ClInclude Include="..\Source\include\utils.h">
      <Filter>include</Filter>
    </ClInclude>
    <ClInclude Include="..\Source\Physics\debug.h">
      <Filter>Physics</Filter>
    </ClInclude>
    <ClInclude Include="..\Source\Physics\body\rigidbody.h">
      <Filter>Physics\body</Filter>
    </ClInclude>
    <ClInclude Include="..\Source\Physics\body\shapes.h">
      <Filter>Physics\body</Filter>
    </ClInclude>
    <ClInclude Include="..\Source\Physics\collision\detection\broadphase.h">
      <Filter>Physics\collision\detection</Filter>
    </ClInclude>
    <ClInclude Include="..\Source\Physics\collision\detection\contactgeneration.h">
      <Filter>Physics\collision\detection</Filter>
    </ClInclude>
    <ClInclude Include="..\Source\Physics\collision\resolution\contactresolution.h">
      <Filter>Physics\collision\resolution</Filter>
    </ClInclude>
    <ClInclude Include="..\Source\Physics\collision\contact.h">
      <Filter>Physics\collision</Filter>
    </ClInclude>
    <ClInclude Include="..\Source\Physics\scenes\demos\TestCollisionDetection.h">
      <Filter>Physics\scenes\demos</Filter>
    </ClInclude>
    <ClInclude Include="..\Source\Physics\scenes\demos\TestCollisionResolution.h">
      <Filter>Physics\scenes\demos</Filter>
    </ClInclude>
    <ClInclude Include="..\Source\Physics\scenes\object.h">
      <Filter>Physics\scenes</Filter>
    </ClInclude>
  </ItemGroup>
  <ItemGroup>
    <None Include="..\Source\Physics\shaders\FragmentShader.glsl">
      <Filter>Physics\shaders</Filter>
    </None>
    <None Include="..\Source\Physics\shaders\VertexShader.glsl">
      <Filter>Physics\shaders</Filter>
    </None>
    <None Include="ClassDiagram.cd" />
  </ItemGroup>
</Project>